// !$*UTF8*$!
{
	archiveVersion = 1;
	classes = {
	};
	objectVersion = 46;
	objects = {

/* Begin PBXBuildFile section */
		AA3B17951AE64A8C00EEF9F6 /* SDL2_mixer.framework in Frameworks */ = {isa = PBXBuildFile; fileRef = AA3B17931AE64A8C00EEF9F6 /* SDL2_mixer.framework */; };
		AA3B17961AE64A8C00EEF9F6 /* SDL2_ttf.framework in Frameworks */ = {isa = PBXBuildFile; fileRef = AA3B17941AE64A8C00EEF9F6 /* SDL2_ttf.framework */; };
		AA48C0F11B1706B400D2B357 /* Chattclient.c in Sources */ = {isa = PBXBuildFile; fileRef = AA8F3D341AFCB9E100A0635D /* Chattclient.c */; };
		AAF82F9B1ADFE71E009DE13C /* SDL2_image.framework in Frameworks */ = {isa = PBXBuildFile; fileRef = AAF82F981ADFE71E009DE13C /* SDL2_image.framework */; };
		AAF82F9C1ADFE71E009DE13C /* SDL2_net.framework in Frameworks */ = {isa = PBXBuildFile; fileRef = AAF82F991ADFE71E009DE13C /* SDL2_net.framework */; };
		AAF82F9D1ADFE71E009DE13C /* SDL2.framework in Frameworks */ = {isa = PBXBuildFile; fileRef = AAF82F9A1ADFE71E009DE13C /* SDL2.framework */; };
/* End PBXBuildFile section */

/* Begin PBXCopyFilesBuildPhase section */
		AAF82F8C1ADFE6A0009DE13C /* CopyFiles */ = {
			isa = PBXCopyFilesBuildPhase;
			buildActionMask = 2147483647;
			dstPath = /usr/share/man/man1/;
			dstSubfolderSpec = 0;
			files = (
			);
			runOnlyForDeploymentPostprocessing = 1;
		};
/* End PBXCopyFilesBuildPhase section */

/* Begin PBXFileReference section */
		AA2069511AE7A04700626976 /* client.c */ = {isa = PBXFileReference; fileEncoding = 4; lastKnownFileType = sourcecode.c.c; path = client.c; sourceTree = "<group>"; };
		AA2069571AE7E1B400626976 /* multiOS.h */ = {isa = PBXFileReference; lastKnownFileType = sourcecode.c.h; path = multiOS.h; sourceTree = "<group>"; };
		AA3B17931AE64A8C00EEF9F6 /* SDL2_mixer.framework */ = {isa = PBXFileReference; lastKnownFileType = wrapper.framework; name = SDL2_mixer.framework; path = ../../../../../../../../../../Library/Frameworks/SDL2_mixer.framework; sourceTree = "<group>"; };
		AA3B17941AE64A8C00EEF9F6 /* SDL2_ttf.framework */ = {isa = PBXFileReference; lastKnownFileType = wrapper.framework; name = SDL2_ttf.framework; path = ../../../../../../../../../../Library/Frameworks/SDL2_ttf.framework; sourceTree = "<group>"; };
		AA8020081AEF7F6E00328A30 /* gamelogic.c */ = {isa = PBXFileReference; fileEncoding = 4; lastKnownFileType = sourcecode.c.c; path = gamelogic.c; sourceTree = "<group>"; };
		AA8020091AEF7F6E00328A30 /* gamelogic.h */ = {isa = PBXFileReference; fileEncoding = 4; lastKnownFileType = sourcecode.c.h; path = gamelogic.h; sourceTree = "<group>"; };
		AA8F3D341AFCB9E100A0635D /* Chattclient.c */ = {isa = PBXFileReference; fileEncoding = 4; lastKnownFileType = sourcecode.c.c; path = Chattclient.c; sourceTree = "<group>"; };
		AA9D95931AFA0CA4003873AF /* clientFunctions.c */ = {isa = PBXFileReference; fileEncoding = 4; lastKnownFileType = sourcecode.c.c; path = clientFunctions.c; sourceTree = "<group>"; };
		AA9D95941AFA0CA4003873AF /* clientFunctions.h */ = {isa = PBXFileReference; fileEncoding = 4; lastKnownFileType = sourcecode.c.h; path = clientFunctions.h; sourceTree = "<group>"; };
		AAA3F2221B021F3D000E07A6 /* knappar.c */ = {isa = PBXFileReference; fileEncoding = 4; lastKnownFileType = sourcecode.c.c; path = knappar.c; sourceTree = "<group>"; };
		AAA3F2231B021F3D000E07A6 /* knappar.h */ = {isa = PBXFileReference; fileEncoding = 4; lastKnownFileType = sourcecode.c.h; path = knappar.h; sourceTree = "<group>"; };
		AAF82F8E1ADFE6A1009DE13C /* prototyp1 */ = {isa = PBXFileReference; explicitFileType = "compiled.mach-o.executable"; includeInIndex = 0; path = prototyp1; sourceTree = BUILT_PRODUCTS_DIR; };
		AAF82F911ADFE6A1009DE13C /* main.c */ = {isa = PBXFileReference; lastKnownFileType = sourcecode.c.c; path = main.c; sourceTree = "<group>"; };
		AAF82F981ADFE71E009DE13C /* SDL2_image.framework */ = {isa = PBXFileReference; lastKnownFileType = wrapper.framework; name = SDL2_image.framework; path = ../../../../../../../../../../Library/Frameworks/SDL2_image.framework; sourceTree = "<group>"; };
		AAF82F991ADFE71E009DE13C /* SDL2_net.framework */ = {isa = PBXFileReference; lastKnownFileType = wrapper.framework; name = SDL2_net.framework; path = ../../../../../../../../../../Library/Frameworks/SDL2_net.framework; sourceTree = "<group>"; };
		AAF82F9A1ADFE71E009DE13C /* SDL2.framework */ = {isa = PBXFileReference; lastKnownFileType = wrapper.framework; name = SDL2.framework; path = ../../../../../../../../../../Library/Frameworks/SDL2.framework; sourceTree = "<group>"; };
		AAF82F9E1ADFF567009DE13C /* server.c */ = {isa = PBXFileReference; fileEncoding = 4; lastKnownFileType = sourcecode.c.c; path = server.c; sourceTree = "<group>"; };
/* End PBXFileReference section */

/* Begin PBXFrameworksBuildPhase section */
		AAF82F8B1ADFE6A0009DE13C /* Frameworks */ = {
			isa = PBXFrameworksBuildPhase;
			buildActionMask = 2147483647;
			files = (
				AA3B17951AE64A8C00EEF9F6 /* SDL2_mixer.framework in Frameworks */,
				AA3B17961AE64A8C00EEF9F6 /* SDL2_ttf.framework in Frameworks */,
				AAF82F9B1ADFE71E009DE13C /* SDL2_image.framework in Frameworks */,
				AAF82F9C1ADFE71E009DE13C /* SDL2_net.framework in Frameworks */,
				AAF82F9D1ADFE71E009DE13C /* SDL2.framework in Frameworks */,
			);
			runOnlyForDeploymentPostprocessing = 0;
		};
/* End PBXFrameworksBuildPhase section */

/* Begin PBXGroup section */
		AAF82F851ADFE6A0009DE13C = {
			isa = PBXGroup;
			children = (
				AA3B17931AE64A8C00EEF9F6 /* SDL2_mixer.framework */,
				AA3B17941AE64A8C00EEF9F6 /* SDL2_ttf.framework */,
				AAF82F981ADFE71E009DE13C /* SDL2_image.framework */,
				AAF82F991ADFE71E009DE13C /* SDL2_net.framework */,
				AAF82F9A1ADFE71E009DE13C /* SDL2.framework */,
				AAF82F901ADFE6A1009DE13C /* prototyp1 */,
				AAF82F8F1ADFE6A1009DE13C /* Products */,
			);
			sourceTree = "<group>";
		};
		AAF82F8F1ADFE6A1009DE13C /* Products */ = {
			isa = PBXGroup;
			children = (
				AAF82F8E1ADFE6A1009DE13C /* prototyp1 */,
			);
			name = Products;
			sourceTree = "<group>";
		};
		AAF82F901ADFE6A1009DE13C /* prototyp1 */ = {
			isa = PBXGroup;
			children = (
				AA8F3D341AFCB9E100A0635D /* Chattclient.c */,
				AA9D95931AFA0CA4003873AF /* clientFunctions.c */,
				AA9D95941AFA0CA4003873AF /* clientFunctions.h */,
				AA2069511AE7A04700626976 /* client.c */,
				AAF82F911ADFE6A1009DE13C /* main.c */,
				AAA3F2221B021F3D000E07A6 /* knappar.c */,
				AAA3F2231B021F3D000E07A6 /* knappar.h */,
				AA2069571AE7E1B400626976 /* multiOS.h */,
				AAF82F9E1ADFF567009DE13C /* server.c */,
				AA8020081AEF7F6E00328A30 /* gamelogic.c */,
				AA8020091AEF7F6E00328A30 /* gamelogic.h */,
			);
			path = prototyp1;
			sourceTree = "<group>";
		};
/* End PBXGroup section */

/* Begin PBXNativeTarget section */
		AAF82F8D1ADFE6A0009DE13C /* prototyp1 */ = {
			isa = PBXNativeTarget;
			buildConfigurationList = AAF82F951ADFE6A1009DE13C /* Build configuration list for PBXNativeTarget "prototyp1" */;
			buildPhases = (
				AAF82F8A1ADFE6A0009DE13C /* Sources */,
				AAF82F8B1ADFE6A0009DE13C /* Frameworks */,
				AAF82F8C1ADFE6A0009DE13C /* CopyFiles */,
			);
			buildRules = (
			);
			dependencies = (
			);
			name = prototyp1;
			productName = prototyp1;
			productReference = AAF82F8E1ADFE6A1009DE13C /* prototyp1 */;
			productType = "com.apple.product-type.tool";
		};
/* End PBXNativeTarget section */

/* Begin PBXProject section */
		AAF82F861ADFE6A0009DE13C /* Project object */ = {
			isa = PBXProject;
			attributes = {
				LastUpgradeCheck = 0630;
				ORGANIZATIONNAME = "Grupp 3";
				TargetAttributes = {
					AAF82F8D1ADFE6A0009DE13C = {
						CreatedOnToolsVersion = 6.3;
					};
				};
			};
			buildConfigurationList = AAF82F891ADFE6A0009DE13C /* Build configuration list for PBXProject "prototyp1" */;
			compatibilityVersion = "Xcode 3.2";
			developmentRegion = English;
			hasScannedForEncodings = 0;
			knownRegions = (
				en,
			);
			mainGroup = AAF82F851ADFE6A0009DE13C;
			productRefGroup = AAF82F8F1ADFE6A1009DE13C /* Products */;
			projectDirPath = "";
			projectRoot = "";
			targets = (
				AAF82F8D1ADFE6A0009DE13C /* prototyp1 */,
			);
		};
/* End PBXProject section */

/* Begin PBXSourcesBuildPhase section */
		AAF82F8A1ADFE6A0009DE13C /* Sources */ = {
			isa = PBXSourcesBuildPhase;
			buildActionMask = 2147483647;
			files = (
				AA48C0F11B1706B400D2B357 /* Chattclient.c in Sources */,
			);
			runOnlyForDeploymentPostprocessing = 0;
		};
/* End PBXSourcesBuildPhase section */

/* Begin XCBuildConfiguration section */
		AAF82F931ADFE6A1009DE13C /* Debug */ = {
			isa = XCBuildConfiguration;
			buildSettings = {
				ALWAYS_SEARCH_USER_PATHS = NO;
				CLANG_CXX_LANGUAGE_STANDARD = "gnu++0x";
				CLANG_CXX_LIBRARY = "libc++";
				CLANG_ENABLE_MODULES = YES;
				CLANG_ENABLE_OBJC_ARC = YES;
				CLANG_WARN_BOOL_CONVERSION = YES;
				CLANG_WARN_CONSTANT_CONVERSION = YES;
				CLANG_WARN_DIRECT_OBJC_ISA_USAGE = YES_ERROR;
				CLANG_WARN_EMPTY_BODY = YES;
				CLANG_WARN_ENUM_CONVERSION = YES;
				CLANG_WARN_INT_CONVERSION = YES;
				CLANG_WARN_OBJC_ROOT_CLASS = YES_ERROR;
				CLANG_WARN_UNREACHABLE_CODE = YES;
				CLANG_WARN__DUPLICATE_METHOD_MATCH = YES;
				COPY_PHASE_STRIP = NO;
				DEBUG_INFORMATION_FORMAT = dwarf;
				ENABLE_STRICT_OBJC_MSGSEND = YES;
				GCC_C_LANGUAGE_STANDARD = gnu99;
				GCC_DYNAMIC_NO_PIC = NO;
				GCC_NO_COMMON_BLOCKS = YES;
				GCC_OPTIMIZATION_LEVEL = 0;
				GCC_PREPROCESSOR_DEFINITIONS = (
					"DEBUG=1",
					"$(inherited)",
				);
				GCC_SYMBOLS_PRIVATE_EXTERN = NO;
				GCC_WARN_64_TO_32_BIT_CONVERSION = YES;
				GCC_WARN_ABOUT_RETURN_TYPE = YES_ERROR;
				GCC_WARN_UNDECLARED_SELECTOR = YES;
				GCC_WARN_UNINITIALIZED_AUTOS = YES_AGGRESSIVE;
				GCC_WARN_UNUSED_FUNCTION = YES;
				GCC_WARN_UNUSED_VARIABLE = YES;
				MACOSX_DEPLOYMENT_TARGET = 10.10;
				MTL_ENABLE_DEBUG_INFO = YES;
				ONLY_ACTIVE_ARCH = YES;
				SDKROOT = macosx;
			};
			name = Debug;
		};
		AAF82F941ADFE6A1009DE13C /* Release */ = {
			isa = XCBuildConfiguration;
			buildSettings = {
				ALWAYS_SEARCH_USER_PATHS = NO;
				CLANG_CXX_LANGUAGE_STANDARD = "gnu++0x";
				CLANG_CXX_LIBRARY = "libc++";
				CLANG_ENABLE_MODULES = YES;
				CLANG_ENABLE_OBJC_ARC = YES;
				CLANG_WARN_BOOL_CONVERSION = YES;
				CLANG_WARN_CONSTANT_CONVERSION = YES;
				CLANG_WARN_DIRECT_OBJC_ISA_USAGE = YES_ERROR;
				CLANG_WARN_EMPTY_BODY = YES;
				CLANG_WARN_ENUM_CONVERSION = YES;
				CLANG_WARN_INT_CONVERSION = YES;
				CLANG_WARN_OBJC_ROOT_CLASS = YES_ERROR;
				CLANG_WARN_UNREACHABLE_CODE = YES;
				CLANG_WARN__DUPLICATE_METHOD_MATCH = YES;
				COPY_PHASE_STRIP = NO;
				DEBUG_INFORMATION_FORMAT = "dwarf-with-dsym";
				ENABLE_NS_ASSERTIONS = NO;
				ENABLE_STRICT_OBJC_MSGSEND = YES;
				GCC_C_LANGUAGE_STANDARD = gnu99;
				GCC_NO_COMMON_BLOCKS = YES;
				GCC_WARN_64_TO_32_BIT_CONVERSION = YES;
				GCC_WARN_ABOUT_RETURN_TYPE = YES_ERROR;
				GCC_WARN_UNDECLARED_SELECTOR = YES;
				GCC_WARN_UNINITIALIZED_AUTOS = YES_AGGRESSIVE;
				GCC_WARN_UNUSED_FUNCTION = YES;
				GCC_WARN_UNUSED_VARIABLE = YES;
				MACOSX_DEPLOYMENT_TARGET = 10.10;
				MTL_ENABLE_DEBUG_INFO = NO;
				SDKROOT = macosx;
			};
			name = Release;
		};
		AAF82F961ADFE6A1009DE13C /* Debug */ = {
			isa = XCBuildConfiguration;
			buildSettings = {
				ALWAYS_SEARCH_USER_PATHS = YES;
				FRAMEWORK_SEARCH_PATHS = (
					/Frameworks/,
					"$(LOCAL_LIBRARY_DIR)/Frameworks",
				);
				LIBRARY_SEARCH_PATHS = /Frameworks/;
				PRODUCT_NAME = "$(TARGET_NAME)";
			};
			name = Debug;
		};
		AAF82F971ADFE6A1009DE13C /* Release */ = {
			isa = XCBuildConfiguration;
			buildSettings = {
				ALWAYS_SEARCH_USER_PATHS = YES;
				FRAMEWORK_SEARCH_PATHS = (
					/Frameworks/,
					"$(LOCAL_LIBRARY_DIR)/Frameworks",
				);
				LIBRARY_SEARCH_PATHS = /Frameworks/;
				PRODUCT_NAME = "$(TARGET_NAME)";
			};
			name = Release;
		};
/* End XCBuildConfiguration section */

/* Begin XCConfigurationList section */
		AAF82F891ADFE6A0009DE13C /* Build configuration list for PBXProject "prototyp1" */ = {
			isa = XCConfigurationList;
			buildConfigurations = (
				AAF82F931ADFE6A1009DE13C /* Debug */,
				AAF82F941ADFE6A1009DE13C /* Release */,
			);
			defaultConfigurationIsVisible = 0;
			defaultConfigurationName = Release;
		};
		AAF82F951ADFE6A1009DE13C /* Build configuration list for PBXNativeTarget "prototyp1" */ = {
			isa = XCConfigurationList;
			buildConfigurations = (
				AAF82F961ADFE6A1009DE13C /* Debug */,
				AAF82F971ADFE6A1009DE13C /* Release */,
			);
			defaultConfigurationIsVisible = 0;
			defaultConfigurationName = Release;
		};
/* End XCConfigurationList section */
	};
	rootObject = AAF82F861ADFE6A0009DE13C /* Project object */;
}
